
Microsoft Visual Studio Solution File, Format Version 11.00
# Visual Studio 2010
Project("{8BC9CEB8-8B4A-11D0-8D11-00A0C91BC942}") = "zar_odevi", "zar_odevi.vcxproj", "{F0050786-88DE-4D98-8D6E-AD2156454153}"
EndProject
Global
	GlobalSection(SolutionConfigurationPlatforms) = preSolution
		Debug|Win32 = Debug|Win32
		Release|Win32 = Release|Win32
	EndGlobalSection
	GlobalSection(ProjectConfigurationPlatforms) = postSolution
		{F0050786-88DE-4D98-8D6E-AD2156454153}.Debug|Win32.ActiveCfg = Debug|Win32
		{F0050786-88DE-4D98-8D6E-AD2156454153}.Debug|Win32.Build.0 = Debug|Win32
		{F0050786-88DE-4D98-8D6E-AD2156454153}.Release|Win32.ActiveCfg = Release|Win32
		{F0050786-88DE-4D98-8D6E-AD2156454153}.Release|Win32.Build.0 = Release|Win32
	EndGlobalSection
	GlobalSection(SolutionProperties) = preSolution
		HideSolutionNode = FALSE
	EndGlobalSection
EndGlobal
